
Microsoft Visual Studio Solution File, Format Version 12.00
# Visual Studio Version 17
VisualStudioVersion = 17.5.002.0
MinimumVisualStudioVersion = 10.0.40219.1
Project("{9A19103F-16F7-4668-BE54-9A1E7A4F7556}") = "dez-segundos", "dez-segundos.csproj", "{8F1F72E8-9AB2-4C20-9594-EDC8A0AB4517}"
EndProject
Global
	GlobalSection(SolutionConfigurationPlatforms) = preSolution
		Debug|Any CPU = Debug|Any CPU
		Release|Any CPU = Release|Any CPU
	EndGlobalSection
	GlobalSection(ProjectConfigurationPlatforms) = postSolution
		{8F1F72E8-9AB2-4C20-9594-EDC8A0AB4517}.Debug|Any CPU.ActiveCfg = Debug|Any CPU
		{8F1F72E8-9AB2-4C20-9594-EDC8A0AB4517}.Debug|Any CPU.Build.0 = Debug|Any CPU
		{8F1F72E8-9AB2-4C20-9594-EDC8A0AB4517}.Release|Any CPU.ActiveCfg = Release|Any CPU
		{8F1F72E8-9AB2-4C20-9594-EDC8A0AB4517}.Release|Any CPU.Build.0 = Release|Any CPU
	EndGlobalSection
	GlobalSection(SolutionProperties) = preSolution
		HideSolutionNode = FALSE
	EndGlobalSection
	GlobalSection(ExtensibilityGlobals) = postSolution
		SolutionGuid = {C54143FB-0BF2-40E5-98FF-4EB070403FA7}
	EndGlobalSection
EndGlobal
